
Microsoft Visual Studio Solution File, Format Version 12.00
# Visual Studio Version 16
VisualStudioVersion = 16.0.808.3
MinimumVisualStudioVersion = 10.0.40219.1
Project("{FAE04EC0-301F-11D3-BF4B-00C04F79EFBC}") = "CryptoAlg", "CryptoAlg\CryptoAlg.csproj", "{C8A14AD5-3F20-4F70-B18D-B0A6395F5FC8}"
EndProject
Project("{FAE04EC0-301F-11D3-BF4B-00C04F79EFBC}") = "CryptoAlg_Tests", "CryptoAlg_Tests\CryptoAlg_Tests.csproj", "{E43DBF08-B4E7-473E-B0DF-01B230643171}"
EndProject
Global
	GlobalSection(SolutionConfigurationPlatforms) = preSolution
		Debug|Any CPU = Debug|Any CPU
		Release|Any CPU = Release|Any CPU
	EndGlobalSection
	GlobalSection(ProjectConfigurationPlatforms) = postSolution
		{C8A14AD5-3F20-4F70-B18D-B0A6395F5FC8}.Debug|Any CPU.ActiveCfg = Debug|Any CPU
		{C8A14AD5-3F20-4F70-B18D-B0A6395F5FC8}.Debug|Any CPU.Build.0 = Debug|Any CPU
		{C8A14AD5-3F20-4F70-B18D-B0A6395F5FC8}.Release|Any CPU.ActiveCfg = Release|Any CPU
		{C8A14AD5-3F20-4F70-B18D-B0A6395F5FC8}.Release|Any CPU.Build.0 = Release|Any CPU
		{E43DBF08-B4E7-473E-B0DF-01B230643171}.Debug|Any CPU.ActiveCfg = Debug|Any CPU
		{E43DBF08-B4E7-473E-B0DF-01B230643171}.Debug|Any CPU.Build.0 = Debug|Any CPU
		{E43DBF08-B4E7-473E-B0DF-01B230643171}.Release|Any CPU.ActiveCfg = Release|Any CPU
		{E43DBF08-B4E7-473E-B0DF-01B230643171}.Release|Any CPU.Build.0 = Release|Any CPU
	EndGlobalSection
	GlobalSection(SolutionProperties) = preSolution
		HideSolutionNode = FALSE
	EndGlobalSection
	GlobalSection(ExtensibilityGlobals) = postSolution
		SolutionGuid = {6D4E93C0-1352-4B85-9EB9-0AF402220091}
	EndGlobalSection
EndGlobal
